
Microsoft Visual Studio Solution File, Format Version 12.00
# Visual Studio Version 17
VisualStudioVersion = 17.11.35208.52
MinimumVisualStudioVersion = 10.0.40219.1
Project("{FAE04EC0-301F-11D3-BF4B-00C04F79EFBC}") = "DatingApp.API", "src\API\DatingApp.API\DatingApp.API.csproj", "{2D97FF95-9E16-4DE8-88EA-105B20115CB8}"
EndProject
Project("{FAE04EC0-301F-11D3-BF4B-00C04F79EFBC}") = "DatingApp.Framework.Data", "src\API\DatingApp.Framework.Data\DatingApp.Framework.Data.csproj", "{E1651FF9-23A6-4B5C-BD2C-75EF4134C64E}"
EndProject
Project("{FAE04EC0-301F-11D3-BF4B-00C04F79EFBC}") = "DatingApp.Framework.Business", "src\API\DatingApp.Framework.Business\DatingApp.Framework.Business.csproj", "{ED622BEF-5AB0-444B-86FC-84B4F617EBF0}"
EndProject
Project("{FAE04EC0-301F-11D3-BF4B-00C04F79EFBC}") = "DatingApp.Common", "src\API\DatingApp.Common\DatingApp.Common.csproj", "{D068E214-9A21-4E00-A9D2-52261C31232A}"
EndProject
Global
	GlobalSection(SolutionConfigurationPlatforms) = preSolution
		Debug|Any CPU = Debug|Any CPU
		Release|Any CPU = Release|Any CPU
	EndGlobalSection
	GlobalSection(ProjectConfigurationPlatforms) = postSolution
		{2D97FF95-9E16-4DE8-88EA-105B20115CB8}.Debug|Any CPU.ActiveCfg = Debug|Any CPU
		{2D97FF95-9E16-4DE8-88EA-105B20115CB8}.Debug|Any CPU.Build.0 = Debug|Any CPU
		{2D97FF95-9E16-4DE8-88EA-105B20115CB8}.Release|Any CPU.ActiveCfg = Release|Any CPU
		{2D97FF95-9E16-4DE8-88EA-105B20115CB8}.Release|Any CPU.Build.0 = Release|Any CPU
		{E1651FF9-23A6-4B5C-BD2C-75EF4134C64E}.Debug|Any CPU.ActiveCfg = Debug|Any CPU
		{E1651FF9-23A6-4B5C-BD2C-75EF4134C64E}.Debug|Any CPU.Build.0 = Debug|Any CPU
		{E1651FF9-23A6-4B5C-BD2C-75EF4134C64E}.Release|Any CPU.ActiveCfg = Release|Any CPU
		{E1651FF9-23A6-4B5C-BD2C-75EF4134C64E}.Release|Any CPU.Build.0 = Release|Any CPU
		{ED622BEF-5AB0-444B-86FC-84B4F617EBF0}.Debug|Any CPU.ActiveCfg = Debug|Any CPU
		{ED622BEF-5AB0-444B-86FC-84B4F617EBF0}.Debug|Any CPU.Build.0 = Debug|Any CPU
		{ED622BEF-5AB0-444B-86FC-84B4F617EBF0}.Release|Any CPU.ActiveCfg = Release|Any CPU
		{ED622BEF-5AB0-444B-86FC-84B4F617EBF0}.Release|Any CPU.Build.0 = Release|Any CPU
		{D068E214-9A21-4E00-A9D2-52261C31232A}.Debug|Any CPU.ActiveCfg = Debug|Any CPU
		{D068E214-9A21-4E00-A9D2-52261C31232A}.Debug|Any CPU.Build.0 = Debug|Any CPU
		{D068E214-9A21-4E00-A9D2-52261C31232A}.Release|Any CPU.ActiveCfg = Release|Any CPU
		{D068E214-9A21-4E00-A9D2-52261C31232A}.Release|Any CPU.Build.0 = Release|Any CPU
	EndGlobalSection
	GlobalSection(SolutionProperties) = preSolution
		HideSolutionNode = FALSE
	EndGlobalSection
	GlobalSection(ExtensibilityGlobals) = postSolution
		SolutionGuid = {FEA2E72B-3EC3-4F32-B9F2-90CD278EBEA4}
	EndGlobalSection
EndGlobal
